
Microsoft Visual Studio Solution File, Format Version 12.00
# Visual Studio Version 17
VisualStudioVersion = 17.2.32516.85
MinimumVisualStudioVersion = 10.0.40219.1
Project("{FAE04EC0-301F-11D3-BF4B-00C04F79EFBC}") = "ShapesLibrary.Core", "ShapesLibrary.Core.csproj", "{DE0CFD30-B7DC-46AA-A285-1EDA9C5E21A5}"
EndProject
Project("{FAE04EC0-301F-11D3-BF4B-00C04F79EFBC}") = "ShapesLibrary.Tests", "..\ShapesLibrary.Tests\ShapesLibrary.Tests.csproj", "{828C5ED7-2559-4067-B132-1DCC54F9E752}"
EndProject
Global
	GlobalSection(SolutionConfigurationPlatforms) = preSolution
		Debug|Any CPU = Debug|Any CPU
		Release|Any CPU = Release|Any CPU
	EndGlobalSection
	GlobalSection(ProjectConfigurationPlatforms) = postSolution
		{DE0CFD30-B7DC-46AA-A285-1EDA9C5E21A5}.Debug|Any CPU.ActiveCfg = Debug|Any CPU
		{DE0CFD30-B7DC-46AA-A285-1EDA9C5E21A5}.Debug|Any CPU.Build.0 = Debug|Any CPU
		{DE0CFD30-B7DC-46AA-A285-1EDA9C5E21A5}.Release|Any CPU.ActiveCfg = Release|Any CPU
		{DE0CFD30-B7DC-46AA-A285-1EDA9C5E21A5}.Release|Any CPU.Build.0 = Release|Any CPU
		{828C5ED7-2559-4067-B132-1DCC54F9E752}.Debug|Any CPU.ActiveCfg = Debug|Any CPU
		{828C5ED7-2559-4067-B132-1DCC54F9E752}.Debug|Any CPU.Build.0 = Debug|Any CPU
		{828C5ED7-2559-4067-B132-1DCC54F9E752}.Release|Any CPU.ActiveCfg = Release|Any CPU
		{828C5ED7-2559-4067-B132-1DCC54F9E752}.Release|Any CPU.Build.0 = Release|Any CPU
	EndGlobalSection
	GlobalSection(SolutionProperties) = preSolution
		HideSolutionNode = FALSE
	EndGlobalSection
	GlobalSection(ExtensibilityGlobals) = postSolution
		SolutionGuid = {0F7B3E50-D32E-4285-9226-E1EE930377CA}
	EndGlobalSection
EndGlobal
